// !$*UTF8*$!
{
	archiveVersion = 1;
	classes = {
	};
	objectVersion = 51;
	objects = {

/* Begin PBXBuildFile section */
		A54D3ED724A065F500ACAA24 /* AppDelegate.swift in Sources */ = {isa = PBXBuildFile; fileRef = A54D3ED624A065F500ACAA24 /* AppDelegate.swift */; };
		A54D3EDB24A065F500ACAA24 /* ViewController.swift in Sources */ = {isa = PBXBuildFile; fileRef = A54D3EDA24A065F500ACAA24 /* ViewController.swift */; };
		A54D3EDE24A065F500ACAA24 /* Main.storyboard in Resources */ = {isa = PBXBuildFile; fileRef = A54D3EDC24A065F500ACAA24 /* Main.storyboard */; };
		A54D3EE024A065F600ACAA24 /* Assets.xcassets in Resources */ = {isa = PBXBuildFile; fileRef = A54D3EDF24A065F600ACAA24 /* Assets.xcassets */; };
		A54D3EE324A065F600ACAA24 /* LaunchScreen.storyboard in Resources */ = {isa = PBXBuildFile; fileRef = A54D3EE124A065F600ACAA24 /* LaunchScreen.storyboard */; };
		A5F88BDE24A0688800ABBDFA /* EurekaExtras.swift in Sources */ = {isa = PBXBuildFile; fileRef = A5F88BDD24A0688800ABBDFA /* EurekaExtras.swift */; };
		E213B614D43B96FCBF59A0A5 /* Pods_EurekaCopyMenu.framework in Frameworks */ = {isa = PBXBuildFile; fileRef = 358E2C2556CE8E3FCA1864A7 /* Pods_EurekaCopyMenu.framework */; };
/* End PBXBuildFile section */

/* Begin PBXFileReference section */
		23E67C8AEAFD0ABA4A71E223 /* Pods-EurekaCopyMenu.release.xcconfig */ = {isa = PBXFileReference; includeInIndex = 1; lastKnownFileType = text.xcconfig; name = "Pods-EurekaCopyMenu.release.xcconfig"; path = "Target Support Files/Pods-EurekaCopyMenu/Pods-EurekaCopyMenu.release.xcconfig"; sourceTree = "<group>"; };
		358E2C2556CE8E3FCA1864A7 /* Pods_EurekaCopyMenu.framework */ = {isa = PBXFileReference; explicitFileType = wrapper.framework; includeInIndex = 0; path = Pods_EurekaCopyMenu.framework; sourceTree = BUILT_PRODUCTS_DIR; };
		A54D3ED324A065F500ACAA24 /* EurekaCopyMenu.app */ = {isa = PBXFileReference; explicitFileType = wrapper.application; includeInIndex = 0; path = EurekaCopyMenu.app; sourceTree = BUILT_PRODUCTS_DIR; };
		A54D3ED624A065F500ACAA24 /* AppDelegate.swift */ = {isa = PBXFileReference; lastKnownFileType = sourcecode.swift; path = AppDelegate.swift; sourceTree = "<group>"; };
		A54D3EDA24A065F500ACAA24 /* ViewController.swift */ = {isa = PBXFileReference; lastKnownFileType = sourcecode.swift; path = ViewController.swift; sourceTree = "<group>"; };
		A54D3EDD24A065F500ACAA24 /* Base */ = {isa = PBXFileReference; lastKnownFileType = file.storyboard; name = Base; path = Base.lproj/Main.storyboard; sourceTree = "<group>"; };
		A54D3EDF24A065F600ACAA24 /* Assets.xcassets */ = {isa = PBXFileReference; lastKnownFileType = folder.assetcatalog; path = Assets.xcassets; sourceTree = "<group>"; };
		A54D3EE224A065F600ACAA24 /* Base */ = {isa = PBXFileReference; lastKnownFileType = file.storyboard; name = Base; path = Base.lproj/LaunchScreen.storyboard; sourceTree = "<group>"; };
		A54D3EE424A065F600ACAA24 /* Info.plist */ = {isa = PBXFileReference; lastKnownFileType = text.plist.xml; path = Info.plist; sourceTree = "<group>"; };
		A5A537F8AE9CA9FBB83B985E /* Pods-EurekaCopyMenu.debug.xcconfig */ = {isa = PBXFileReference; includeInIndex = 1; lastKnownFileType = text.xcconfig; name = "Pods-EurekaCopyMenu.debug.xcconfig"; path = "Target Support Files/Pods-EurekaCopyMenu/Pods-EurekaCopyMenu.debug.xcconfig"; sourceTree = "<group>"; };
		A5F88BDD24A0688800ABBDFA /* EurekaExtras.swift */ = {isa = PBXFileReference; lastKnownFileType = sourcecode.swift; path = EurekaExtras.swift; sourceTree = "<group>"; };
/* End PBXFileReference section */

/* Begin PBXFrameworksBuildPhase section */
		A54D3ED024A065F500ACAA24 /* Frameworks */ = {
			isa = PBXFrameworksBuildPhase;
			buildActionMask = 2147483647;
			files = (
				E213B614D43B96FCBF59A0A5 /* Pods_EurekaCopyMenu.framework in Frameworks */,
			);
			runOnlyForDeploymentPostprocessing = 0;
		};
/* End PBXFrameworksBuildPhase section */

/* Begin PBXGroup section */
		84CFAC1FA67C08A58E78256A /* Frameworks */ = {
			isa = PBXGroup;
			children = (
				358E2C2556CE8E3FCA1864A7 /* Pods_EurekaCopyMenu.framework */,
			);
			name = Frameworks;
			sourceTree = "<group>";
		};
		A54D3ECA24A065F500ACAA24 = {
			isa = PBXGroup;
			children = (
				A54D3ED524A065F500ACAA24 /* EurekaCopyMenu */,
				A54D3ED424A065F500ACAA24 /* Products */,
				BE9659B10FA93B953C59FD6A /* Pods */,
				84CFAC1FA67C08A58E78256A /* Frameworks */,
			);
			sourceTree = "<group>";
		};
		A54D3ED424A065F500ACAA24 /* Products */ = {
			isa = PBXGroup;
			children = (
				A54D3ED324A065F500ACAA24 /* EurekaCopyMenu.app */,
			);
			name = Products;
			sourceTree = "<group>";
		};
		A54D3ED524A065F500ACAA24 /* EurekaCopyMenu */ = {
			isa = PBXGroup;
			children = (
				A54D3ED624A065F500ACAA24 /* AppDelegate.swift */,
				A54D3EDA24A065F500ACAA24 /* ViewController.swift */,
				A5F88BDD24A0688800ABBDFA /* EurekaExtras.swift */,
				A54D3EDC24A065F500ACAA24 /* Main.storyboard */,
				A54D3EDF24A065F600ACAA24 /* Assets.xcassets */,
				A54D3EE124A065F600ACAA24 /* LaunchScreen.storyboard */,
				A54D3EE424A065F600ACAA24 /* Info.plist */,
			);
			path = EurekaCopyMenu;
			sourceTree = "<group>";
		};
		BE9659B10FA93B953C59FD6A /* Pods */ = {
			isa = PBXGroup;
			children = (
				A5A537F8AE9CA9FBB83B985E /* Pods-EurekaCopyMenu.debug.xcconfig */,
				23E67C8AEAFD0ABA4A71E223 /* Pods-EurekaCopyMenu.release.xcconfig */,
			);
			path = Pods;
			sourceTree = "<group>";
		};
/* End PBXGroup section */

/* Begin PBXNativeTarget section */
		A54D3ED224A065F500ACAA24 /* EurekaCopyMenu */ = {
			isa = PBXNativeTarget;
			buildConfigurationList = A54D3EE724A065F600ACAA24 /* Build configuration list for PBXNativeTarget "EurekaCopyMenu" */;
			buildPhases = (
				A2F65EE99E48BD17BDE9EFC5 /* [CP] Check Pods Manifest.lock */,
				A54D3ECF24A065F500ACAA24 /* Sources */,
				A54D3ED024A065F500ACAA24 /* Frameworks */,
				A54D3ED124A065F500ACAA24 /* Resources */,
				25706291678451113EED3C31 /* [CP] Embed Pods Frameworks */,
			);
			buildRules = (
			);
			dependencies = (
			);
			name = EurekaCopyMenu;
			productName = EurekaCopyMenu;
			productReference = A54D3ED324A065F500ACAA24 /* EurekaCopyMenu.app */;
			productType = "com.apple.product-type.application";
		};
/* End PBXNativeTarget section */

/* Begin PBXProject section */
		A54D3ECB24A065F500ACAA24 /* Project object */ = {
			isa = PBXProject;
			attributes = {
				LastSwiftUpdateCheck = 1160;
				LastUpgradeCheck = 1160;
				ORGANIZATIONNAME = "Mark Alldritt";
				TargetAttributes = {
					A54D3ED224A065F500ACAA24 = {
						CreatedOnToolsVersion = 11.6;
					};
				};
			};
			buildConfigurationList = A54D3ECE24A065F500ACAA24 /* Build configuration list for PBXProject "EurekaCopyMenu" */;
			compatibilityVersion = "Xcode 9.3";
			developmentRegion = en;
			hasScannedForEncodings = 0;
			knownRegions = (
				en,
				Base,
			);
			mainGroup = A54D3ECA24A065F500ACAA24;
			productRefGroup = A54D3ED424A065F500ACAA24 /* Products */;
			projectDirPath = "";
			projectRoot = "";
			targets = (
				A54D3ED224A065F500ACAA24 /* EurekaCopyMenu */,
			);
		};
/* End PBXProject section */

/* Begin PBXResourcesBuildPhase section */
		A54D3ED124A065F500ACAA24 /* Resources */ = {
			isa = PBXResourcesBuildPhase;
			buildActionMask = 2147483647;
			files = (
				A54D3EE324A065F600ACAA24 /* LaunchScreen.storyboard in Resources */,
				A54D3EE024A065F600ACAA24 /* Assets.xcassets in Resources */,
				A54D3EDE24A065F500ACAA24 /* Main.storyboard in Resources */,
			);
			runOnlyForDeploymentPostprocessing = 0;
		};
/* End PBXResourcesBuildPhase section */

/* Begin PBXShellScriptBuildPhase section */
		25706291678451113EED3C31 /* [CP] Embed Pods Frameworks */ = {
			isa = PBXShellScriptBuildPhase;
			buildActionMask = 2147483647;
			files = (
			);
			inputFileListPaths = (
				"${PODS_ROOT}/Target Support Files/Pods-EurekaCopyMenu/Pods-EurekaCopyMenu-frameworks-${CONFIGURATION}-input-files.xcfilelist",
			);
			name = "[CP] Embed Pods Frameworks";
			outputFileListPaths = (
				"${PODS_ROOT}/Target Support Files/Pods-EurekaCopyMenu/Pods-EurekaCopyMenu-frameworks-${CONFIGURATION}-output-files.xcfilelist",
			);
			runOnlyForDeploymentPostprocessing = 0;
			shellPath = /bin/sh;
			shellScript = "\"${PODS_ROOT}/Target Support Files/Pods-EurekaCopyMenu/Pods-EurekaCopyMenu-frameworks.sh\"\n";
			showEnvVarsInLog = 0;
		};
		A2F65EE99E48BD17BDE9EFC5 /* [CP] Check Pods Manifest.lock */ = {
			isa = PBXShellScriptBuildPhase;
			buildActionMask = 2147483647;
			files = (
			);
			inputFileListPaths = (
			);
			inputPaths = (
				"${PODS_PODFILE_DIR_PATH}/Podfile.lock",
				"${PODS_ROOT}/Manifest.lock",
			);
			name = "[CP] Check Pods Manifest.lock";
			outputFileListPaths = (
			);
			outputPaths = (
				"$(DERIVED_FILE_DIR)/Pods-EurekaCopyMenu-checkManifestLockResult.txt",
			);
			runOnlyForDeploymentPostprocessing = 0;
			shellPath = /bin/sh;
			shellScript = "diff \"${PODS_PODFILE_DIR_PATH}/Podfile.lock\" \"${PODS_ROOT}/Manifest.lock\" > /dev/null\nif [ $? != 0 ] ; then\n    # print error to STDERR\n    echo \"error: The sandbox is not in sync with the Podfile.lock. Run 'pod install' or update your CocoaPods installation.\" >&2\n    exit 1\nfi\n# This output is used by Xcode 'outputs' to avoid re-running this script phase.\necho \"SUCCESS\" > \"${SCRIPT_OUTPUT_FILE_0}\"\n";
			showEnvVarsInLog = 0;
		};
/* End PBXShellScriptBuildPhase section */

/* Begin PBXSourcesBuildPhase section */
		A54D3ECF24A065F500ACAA24 /* Sources */ = {
			isa = PBXSourcesBuildPhase;
			buildActionMask = 2147483647;
			files = (
				A54D3EDB24A065F500ACAA24 /* ViewController.swift in Sources */,
				A54D3ED724A065F500ACAA24 /* AppDelegate.swift in Sources */,
				A5F88BDE24A0688800ABBDFA /* EurekaExtras.swift in Sources */,
			);
			runOnlyForDeploymentPostprocessing = 0;
		};
/* End PBXSourcesBuildPhase section */

/* Begin PBXVariantGroup section */
		A54D3EDC24A065F500ACAA24 /* Main.storyboard */ = {
			isa = PBXVariantGroup;
			children = (
				A54D3EDD24A065F500ACAA24 /* Base */,
			);
			name = Main.storyboard;
			sourceTree = "<group>";
		};
		A54D3EE124A065F600ACAA24 /* LaunchScreen.storyboard */ = {
			isa = PBXVariantGroup;
			children = (
				A54D3EE224A065F600ACAA24 /* Base */,
			);
			name = LaunchScreen.storyboard;
			sourceTree = "<group>";
		};
/* End PBXVariantGroup section */

/* Begin XCBuildConfiguration section */
		A54D3EE524A065F600ACAA24 /* Debug */ = {
			isa = XCBuildConfiguration;
			buildSettings = {
				ALWAYS_SEARCH_USER_PATHS = NO;
				CLANG_ANALYZER_NONNULL = YES;
				CLANG_ANALYZER_NUMBER_OBJECT_CONVERSION = YES_AGGRESSIVE;
				CLANG_CXX_LANGUAGE_STANDARD = "gnu++14";
				CLANG_CXX_LIBRARY = "libc++";
				CLANG_ENABLE_MODULES = YES;
				CLANG_ENABLE_OBJC_ARC = YES;
				CLANG_ENABLE_OBJC_WEAK = YES;
				CLANG_WARN_BLOCK_CAPTURE_AUTORELEASING = YES;
				CLANG_WARN_BOOL_CONVERSION = YES;
				CLANG_WARN_COMMA = YES;
				CLANG_WARN_CONSTANT_CONVERSION = YES;
				CLANG_WARN_DEPRECATED_OBJC_IMPLEMENTATIONS = YES;
				CLANG_WARN_DIRECT_OBJC_ISA_USAGE = YES_ERROR;
				CLANG_WARN_DOCUMENTATION_COMMENTS = YES;
				CLANG_WARN_EMPTY_BODY = YES;
				CLANG_WARN_ENUM_CONVERSION = YES;
				CLANG_WARN_INFINITE_RECURSION = YES;
				CLANG_WARN_INT_CONVERSION = YES;
				CLANG_WARN_NON_LITERAL_NULL_CONVERSION = YES;
				CLANG_WARN_OBJC_IMPLICIT_RETAIN_SELF = YES;
				CLANG_WARN_OBJC_LITERAL_CONVERSION = YES;
				CLANG_WARN_OBJC_ROOT_CLASS = YES_ERROR;
				CLANG_WARN_RANGE_LOOP_ANALYSIS = YES;
				CLANG_WARN_STRICT_PROTOTYPES = YES;
				CLANG_WARN_SUSPICIOUS_MOVE = YES;
				CLANG_WARN_UNGUARDED_AVAILABILITY = YES_AGGRESSIVE;
				CLANG_WARN_UNREACHABLE_CODE = YES;
				CLANG_WARN__DUPLICATE_METHOD_MATCH = YES;
				COPY_PHASE_STRIP = NO;
				DEBUG_INFORMATION_FORMAT = dwarf;
				ENABLE_STRICT_OBJC_MSGSEND = YES;
				ENABLE_TESTABILITY = YES;
				GCC_C_LANGUAGE_STANDARD = gnu11;
				GCC_DYNAMIC_NO_PIC = NO;
				GCC_NO_COMMON_BLOCKS = YES;
				GCC_OPTIMIZATION_LEVEL = 0;
				GCC_PREPROCESSOR_DEFINITIONS = (
					"DEBUG=1",
					"$(inherited)",
				);
				GCC_WARN_64_TO_32_BIT_CONVERSION = YES;
				GCC_WARN_ABOUT_RETURN_TYPE = YES_ERROR;
				GCC_WARN_UNDECLARED_SELECTOR = YES;
				GCC_WARN_UNINITIALIZED_AUTOS = YES_AGGRESSIVE;
				GCC_WARN_UNUSED_FUNCTION = YES;
				GCC_WARN_UNUSED_VARIABLE = YES;
				IPHONEOS_DEPLOYMENT_TARGET = 13.6;
				MTL_ENABLE_DEBUG_INFO = INCLUDE_SOURCE;
				MTL_FAST_MATH = YES;
				ONLY_ACTIVE_ARCH = YES;
				SDKROOT = iphoneos;
				SWIFT_ACTIVE_COMPILATION_CONDITIONS = DEBUG;
				SWIFT_OPTIMIZATION_LEVEL = "-Onone";
			};
			name = Debug;
		};
		A54D3EE624A065F600ACAA24 /* Release */ = {
			isa = XCBuildConfiguration;
			buildSettings = {
				ALWAYS_SEARCH_USER_PATHS = NO;
				CLANG_ANALYZER_NONNULL = YES;
				CLANG_ANALYZER_NUMBER_OBJECT_CONVERSION = YES_AGGRESSIVE;
				CLANG_CXX_LANGUAGE_STANDARD = "gnu++14";
				CLANG_CXX_LIBRARY = "libc++";
				CLANG_ENABLE_MODULES = YES;
				CLANG_ENABLE_OBJC_ARC = YES;
				CLANG_ENABLE_OBJC_WEAK = YES;
				CLANG_WARN_BLOCK_CAPTURE_AUTORELEASING = YES;
				CLANG_WARN_BOOL_CONVERSION = YES;
				CLANG_WARN_COMMA = YES;
				CLANG_WARN_CONSTANT_CONVERSION = YES;
				CLANG_WARN_DEPRECATED_OBJC_IMPLEMENTATIONS = YES;
				CLANG_WARN_DIRECT_OBJC_ISA_USAGE = YES_ERROR;
				CLANG_WARN_DOCUMENTATION_COMMENTS = YES;
				CLANG_WARN_EMPTY_BODY = YES;
				CLANG_WARN_ENUM_CONVERSION = YES;
				CLANG_WARN_INFINITE_RECURSION = YES;
				CLANG_WARN_INT_CONVERSION = YES;
				CLANG_WARN_NON_LITERAL_NULL_CONVERSION = YES;
				CLANG_WARN_OBJC_IMPLICIT_RETAIN_SELF = YES;
				CLANG_WARN_OBJC_LITERAL_CONVERSION = YES;
				CLANG_WARN_OBJC_ROOT_CLASS = YES_ERROR;
				CLANG_WARN_RANGE_LOOP_ANALYSIS = YES;
				CLANG_WARN_STRICT_PROTOTYPES = YES;
				CLANG_WARN_SUSPICIOUS_MOVE = YES;
				CLANG_WARN_UNGUARDED_AVAILABILITY = YES_AGGRESSIVE;
				CLANG_WARN_UNREACHABLE_CODE = YES;
				CLANG_WARN__DUPLICATE_METHOD_MATCH = YES;
				COPY_PHASE_STRIP = NO;
				DEBUG_INFORMATION_FORMAT = "dwarf-with-dsym";
				ENABLE_NS_ASSERTIONS = NO;
				ENABLE_STRICT_OBJC_MSGSEND = YES;
				GCC_C_LANGUAGE_STANDARD = gnu11;
				GCC_NO_COMMON_BLOCKS = YES;
				GCC_WARN_64_TO_32_BIT_CONVERSION = YES;
				GCC_WARN_ABOUT_RETURN_TYPE = YES_ERROR;
				GCC_WARN_UNDECLARED_SELECTOR = YES;
				GCC_WARN_UNINITIALIZED_AUTOS = YES_AGGRESSIVE;
				GCC_WARN_UNUSED_FUNCTION = YES;
				GCC_WARN_UNUSED_VARIABLE = YES;
				IPHONEOS_DEPLOYMENT_TARGET = 13.6;
				MTL_ENABLE_DEBUG_INFO = NO;
				MTL_FAST_MATH = YES;
				SDKROOT = iphoneos;
				SWIFT_COMPILATION_MODE = wholemodule;
				SWIFT_OPTIMIZATION_LEVEL = "-O";
				VALIDATE_PRODUCT = YES;
			};
			name = Release;
		};
		A54D3EE824A065F600ACAA24 /* Debug */ = {
			isa = XCBuildConfiguration;
			baseConfigurationReference = A5A537F8AE9CA9FBB83B985E /* Pods-EurekaCopyMenu.debug.xcconfig */;
			buildSettings = {
				ASSETCATALOG_COMPILER_APPICON_NAME = AppIcon;
				CODE_SIGN_STYLE = Automatic;
				DEVELOPMENT_TEAM = Z7S6X96M3X;
				INFOPLIST_FILE = EurekaCopyMenu/Info.plist;
				LD_RUNPATH_SEARCH_PATHS = (
					"$(inherited)",
					"@executable_path/Frameworks",
				);
				PRODUCT_BUNDLE_IDENTIFIER = com.latenightsw.EurekaCopyMenu;
				PRODUCT_NAME = "$(TARGET_NAME)";
				SWIFT_VERSION = 5.0;
				TARGETED_DEVICE_FAMILY = "1,2";
			};
			name = Debug;
		};
		A54D3EE924A065F600ACAA24 /* Release */ = {
			isa = XCBuildConfiguration;
			baseConfigurationReference = 23E67C8AEAFD0ABA4A71E223 /* Pods-EurekaCopyMenu.release.xcconfig */;
			buildSettings = {
				ASSETCATALOG_COMPILER_APPICON_NAME = AppIcon;
				CODE_SIGN_STYLE = Automatic;
				DEVELOPMENT_TEAM = Z7S6X96M3X;
				INFOPLIST_FILE = EurekaCopyMenu/Info.plist;
				LD_RUNPATH_SEARCH_PATHS = (
					"$(inherited)",
					"@executable_path/Frameworks",
				);
				PRODUCT_BUNDLE_IDENTIFIER = com.latenightsw.EurekaCopyMenu;
				PRODUCT_NAME = "$(TARGET_NAME)";
				SWIFT_VERSION = 5.0;
				TARGETED_DEVICE_FAMILY = "1,2";
			};
			name = Release;
		};
/* End XCBuildConfiguration section */

/* Begin XCConfigurationList section */
		A54D3ECE24A065F500ACAA24 /* Build configuration list for PBXProject "EurekaCopyMenu" */ = {
			isa = XCConfigurationList;
			buildConfigurations = (
				A54D3EE524A065F600ACAA24 /* Debug */,
				A54D3EE624A065F600ACAA24 /* Release */,
			);
			defaultConfigurationIsVisible = 0;
			defaultConfigurationName = Release;
		};
		A54D3EE724A065F600ACAA24 /* Build configuration list for PBXNativeTarget "EurekaCopyMenu" */ = {
			isa = XCConfigurationList;
			buildConfigurations = (
				A54D3EE824A065F600ACAA24 /* Debug */,
				A54D3EE924A065F600ACAA24 /* Release */,
			);
			defaultConfigurationIsVisible = 0;
			defaultConfigurationName = Release;
		};
/* End XCConfigurationList section */
	};
	rootObject = A54D3ECB24A065F500ACAA24 /* Project object */;
}
